
Microsoft Visual Studio Solution File, Format Version 12.00
# Visual Studio Version 16
VisualStudioVersion = 16.0.30104.148
MinimumVisualStudioVersion = 10.0.40219.1
Project("{FAE04EC0-301F-11D3-BF4B-00C04F79EFBC}") = "ReversedList", "Lists\ReversedList.csproj", "{6B3DE6C1-DF9C-4C47-B007-81CBB0DA8BBD}"
EndProject
Project("{FAE04EC0-301F-11D3-BF4B-00C04F79EFBC}") = "Tests.ArrayList", "Tests.ArrayList\Tests.ArrayList.csproj", "{7426AF7E-9CDD-4C93-B4F3-F117A2273798}"
EndProject
Global
	GlobalSection(SolutionConfigurationPlatforms) = preSolution
		Debug|Any CPU = Debug|Any CPU
		Release|Any CPU = Release|Any CPU
	EndGlobalSection
	GlobalSection(ProjectConfigurationPlatforms) = postSolution
		{6B3DE6C1-DF9C-4C47-B007-81CBB0DA8BBD}.Debug|Any CPU.ActiveCfg = Debug|Any CPU
		{6B3DE6C1-DF9C-4C47-B007-81CBB0DA8BBD}.Debug|Any CPU.Build.0 = Debug|Any CPU
		{6B3DE6C1-DF9C-4C47-B007-81CBB0DA8BBD}.Release|Any CPU.ActiveCfg = Release|Any CPU
		{6B3DE6C1-DF9C-4C47-B007-81CBB0DA8BBD}.Release|Any CPU.Build.0 = Release|Any CPU
		{7426AF7E-9CDD-4C93-B4F3-F117A2273798}.Debug|Any CPU.ActiveCfg = Debug|Any CPU
		{7426AF7E-9CDD-4C93-B4F3-F117A2273798}.Debug|Any CPU.Build.0 = Debug|Any CPU
		{7426AF7E-9CDD-4C93-B4F3-F117A2273798}.Release|Any CPU.ActiveCfg = Release|Any CPU
		{7426AF7E-9CDD-4C93-B4F3-F117A2273798}.Release|Any CPU.Build.0 = Release|Any CPU
	EndGlobalSection
	GlobalSection(SolutionProperties) = preSolution
		HideSolutionNode = FALSE
	EndGlobalSection
	GlobalSection(ExtensibilityGlobals) = postSolution
		SolutionGuid = {D5D1510F-BF76-4AE4-8A46-E96C4A3AFB1E}
	EndGlobalSection
EndGlobal
